
Microsoft Visual Studio Solution File, Format Version 12.00
# Visual Studio Version 17
VisualStudioVersion = 17.5.33502.453
MinimumVisualStudioVersion = 10.0.40219.1
Project("{9A19103F-16F7-4668-BE54-9A1E7A4F7556}") = "HomeWork1", "HomeWork1\HomeWork1.csproj", "{C429347C-30E8-494D-BC03-18015EE73AC1}"
EndProject
Project("{9A19103F-16F7-4668-BE54-9A1E7A4F7556}") = "Animals", "Animals\Animals.csproj", "{0CF538B4-1CBE-4C8A-898B-A496EDD5A61F}"
EndProject
Project("{9A19103F-16F7-4668-BE54-9A1E7A4F7556}") = "HomeWork2_1", "HomeWork2\HomeWork2_1.csproj", "{4A2CD0E0-FE02-4609-B008-2B9FE666F396}"
EndProject
Project("{FAE04EC0-301F-11D3-BF4B-00C04F79EFBC}") = "HomeWork2_2", "HomeWork2_2\HomeWork2_2.csproj", "{58E9F3FE-6B92-46FE-9BE6-3E073C0FABAB}"
EndProject
Project("{FAE04EC0-301F-11D3-BF4B-00C04F79EFBC}") = "Shapes", "Shapes\Shapes.csproj", "{CC389B2E-83D0-45A7-A751-20287043DDAC}"
EndProject
Global
	GlobalSection(SolutionConfigurationPlatforms) = preSolution
		Debug|Any CPU = Debug|Any CPU
		Release|Any CPU = Release|Any CPU
	EndGlobalSection
	GlobalSection(ProjectConfigurationPlatforms) = postSolution
		{C429347C-30E8-494D-BC03-18015EE73AC1}.Debug|Any CPU.ActiveCfg = Debug|Any CPU
		{C429347C-30E8-494D-BC03-18015EE73AC1}.Debug|Any CPU.Build.0 = Debug|Any CPU
		{C429347C-30E8-494D-BC03-18015EE73AC1}.Release|Any CPU.ActiveCfg = Release|Any CPU
		{C429347C-30E8-494D-BC03-18015EE73AC1}.Release|Any CPU.Build.0 = Release|Any CPU
		{0CF538B4-1CBE-4C8A-898B-A496EDD5A61F}.Debug|Any CPU.ActiveCfg = Debug|Any CPU
		{0CF538B4-1CBE-4C8A-898B-A496EDD5A61F}.Debug|Any CPU.Build.0 = Debug|Any CPU
		{0CF538B4-1CBE-4C8A-898B-A496EDD5A61F}.Release|Any CPU.ActiveCfg = Release|Any CPU
		{0CF538B4-1CBE-4C8A-898B-A496EDD5A61F}.Release|Any CPU.Build.0 = Release|Any CPU
		{4A2CD0E0-FE02-4609-B008-2B9FE666F396}.Debug|Any CPU.ActiveCfg = Debug|Any CPU
		{4A2CD0E0-FE02-4609-B008-2B9FE666F396}.Debug|Any CPU.Build.0 = Debug|Any CPU
		{4A2CD0E0-FE02-4609-B008-2B9FE666F396}.Release|Any CPU.ActiveCfg = Release|Any CPU
		{4A2CD0E0-FE02-4609-B008-2B9FE666F396}.Release|Any CPU.Build.0 = Release|Any CPU
		{58E9F3FE-6B92-46FE-9BE6-3E073C0FABAB}.Debug|Any CPU.ActiveCfg = Debug|Any CPU
		{58E9F3FE-6B92-46FE-9BE6-3E073C0FABAB}.Debug|Any CPU.Build.0 = Debug|Any CPU
		{58E9F3FE-6B92-46FE-9BE6-3E073C0FABAB}.Release|Any CPU.ActiveCfg = Release|Any CPU
		{58E9F3FE-6B92-46FE-9BE6-3E073C0FABAB}.Release|Any CPU.Build.0 = Release|Any CPU
		{CC389B2E-83D0-45A7-A751-20287043DDAC}.Debug|Any CPU.ActiveCfg = Debug|Any CPU
		{CC389B2E-83D0-45A7-A751-20287043DDAC}.Debug|Any CPU.Build.0 = Debug|Any CPU
		{CC389B2E-83D0-45A7-A751-20287043DDAC}.Release|Any CPU.ActiveCfg = Release|Any CPU
		{CC389B2E-83D0-45A7-A751-20287043DDAC}.Release|Any CPU.Build.0 = Release|Any CPU
	EndGlobalSection
	GlobalSection(SolutionProperties) = preSolution
		HideSolutionNode = FALSE
	EndGlobalSection
	GlobalSection(ExtensibilityGlobals) = postSolution
		SolutionGuid = {60F8E884-E907-418A-84A9-E1CB9CDDB09D}
	EndGlobalSection
EndGlobal
